
Microsoft Visual Studio Solution File, Format Version 12.00
# Visual Studio Version 16
VisualStudioVersion = 16.0.30804.86
MinimumVisualStudioVersion = 10.0.40219.1
Project("{FAE04EC0-301F-11D3-BF4B-00C04F79EFBC}") = "SortedList", "SortedList\SortedList.csproj", "{9BE1CFEF-FA60-43AB-A866-B2388B44204E}"
EndProject
Project("{FAE04EC0-301F-11D3-BF4B-00C04F79EFBC}") = "SortedDictionary", "SortedDictionary\SortedDictionary.csproj", "{7E8F4640-4C59-4350-B1F5-024E75627616}"
EndProject
Project("{FAE04EC0-301F-11D3-BF4B-00C04F79EFBC}") = "SortedSet", "SortedSet\SortedSet.csproj", "{9ED2B7C7-B17A-4C73-B71D-8A52F0AE6406}"
EndProject
Project("{FAE04EC0-301F-11D3-BF4B-00C04F79EFBC}") = "Array_Multidimensional", "Array_Multidimensional\Array_Multidimensional.csproj", "{A553EB8D-8E53-4496-946C-0B796BE618C9}"
EndProject
Project("{FAE04EC0-301F-11D3-BF4B-00C04F79EFBC}") = "Jagged_Arrays", "Jagged_Arrays\Jagged_Arrays.csproj", "{9CC2EB9A-B4FC-44D3-B07E-01259BF3FDD6}"
EndProject
Project("{FAE04EC0-301F-11D3-BF4B-00C04F79EFBC}") = "ConsultandoCollectionsLinq", "ConsultandoCollectionsLinq\ConsultandoCollectionsLinq.csproj", "{263FCF10-BB08-4DDD-ADB1-CCC97A5E4C5A}"
EndProject
Project("{FAE04EC0-301F-11D3-BF4B-00C04F79EFBC}") = "Consultas_ Com_Linq", "Consultas_ Com_Linq\Consultas_ Com_Linq.csproj", "{2913B48F-87B8-4A10-9E90-87409BAD7924}"
EndProject
Project("{FAE04EC0-301F-11D3-BF4B-00C04F79EFBC}") = "OperadoresLinq", "OperadoresLinq\OperadoresLinq.csproj", "{B2112A6F-18B6-4DFB-B20B-F1867440B677}"
EndProject
Project("{FAE04EC0-301F-11D3-BF4B-00C04F79EFBC}") = "Conjuntos_Linq", "Conjuntos_Linq\Conjuntos_Linq.csproj", "{28C3BCAE-554C-4C90-BDCE-17539DF0C455}"
EndProject
Project("{FAE04EC0-301F-11D3-BF4B-00C04F79EFBC}") = "Covariância", "Covariância\Covariância.csproj", "{C2499BAF-20C6-45DF-9F00-F2368BED254B}"
EndProject
Global
	GlobalSection(SolutionConfigurationPlatforms) = preSolution
		Debug|Any CPU = Debug|Any CPU
		Release|Any CPU = Release|Any CPU
	EndGlobalSection
	GlobalSection(ProjectConfigurationPlatforms) = postSolution
		{9BE1CFEF-FA60-43AB-A866-B2388B44204E}.Debug|Any CPU.ActiveCfg = Debug|Any CPU
		{9BE1CFEF-FA60-43AB-A866-B2388B44204E}.Debug|Any CPU.Build.0 = Debug|Any CPU
		{9BE1CFEF-FA60-43AB-A866-B2388B44204E}.Release|Any CPU.ActiveCfg = Release|Any CPU
		{9BE1CFEF-FA60-43AB-A866-B2388B44204E}.Release|Any CPU.Build.0 = Release|Any CPU
		{7E8F4640-4C59-4350-B1F5-024E75627616}.Debug|Any CPU.ActiveCfg = Debug|Any CPU
		{7E8F4640-4C59-4350-B1F5-024E75627616}.Debug|Any CPU.Build.0 = Debug|Any CPU
		{7E8F4640-4C59-4350-B1F5-024E75627616}.Release|Any CPU.ActiveCfg = Release|Any CPU
		{7E8F4640-4C59-4350-B1F5-024E75627616}.Release|Any CPU.Build.0 = Release|Any CPU
		{9ED2B7C7-B17A-4C73-B71D-8A52F0AE6406}.Debug|Any CPU.ActiveCfg = Debug|Any CPU
		{9ED2B7C7-B17A-4C73-B71D-8A52F0AE6406}.Debug|Any CPU.Build.0 = Debug|Any CPU
		{9ED2B7C7-B17A-4C73-B71D-8A52F0AE6406}.Release|Any CPU.ActiveCfg = Release|Any CPU
		{9ED2B7C7-B17A-4C73-B71D-8A52F0AE6406}.Release|Any CPU.Build.0 = Release|Any CPU
		{A553EB8D-8E53-4496-946C-0B796BE618C9}.Debug|Any CPU.ActiveCfg = Debug|Any CPU
		{A553EB8D-8E53-4496-946C-0B796BE618C9}.Debug|Any CPU.Build.0 = Debug|Any CPU
		{A553EB8D-8E53-4496-946C-0B796BE618C9}.Release|Any CPU.ActiveCfg = Release|Any CPU
		{A553EB8D-8E53-4496-946C-0B796BE618C9}.Release|Any CPU.Build.0 = Release|Any CPU
		{9CC2EB9A-B4FC-44D3-B07E-01259BF3FDD6}.Debug|Any CPU.ActiveCfg = Debug|Any CPU
		{9CC2EB9A-B4FC-44D3-B07E-01259BF3FDD6}.Debug|Any CPU.Build.0 = Debug|Any CPU
		{9CC2EB9A-B4FC-44D3-B07E-01259BF3FDD6}.Release|Any CPU.ActiveCfg = Release|Any CPU
		{9CC2EB9A-B4FC-44D3-B07E-01259BF3FDD6}.Release|Any CPU.Build.0 = Release|Any CPU
		{263FCF10-BB08-4DDD-ADB1-CCC97A5E4C5A}.Debug|Any CPU.ActiveCfg = Debug|Any CPU
		{263FCF10-BB08-4DDD-ADB1-CCC97A5E4C5A}.Debug|Any CPU.Build.0 = Debug|Any CPU
		{263FCF10-BB08-4DDD-ADB1-CCC97A5E4C5A}.Release|Any CPU.ActiveCfg = Release|Any CPU
		{263FCF10-BB08-4DDD-ADB1-CCC97A5E4C5A}.Release|Any CPU.Build.0 = Release|Any CPU
		{2913B48F-87B8-4A10-9E90-87409BAD7924}.Debug|Any CPU.ActiveCfg = Debug|Any CPU
		{2913B48F-87B8-4A10-9E90-87409BAD7924}.Debug|Any CPU.Build.0 = Debug|Any CPU
		{2913B48F-87B8-4A10-9E90-87409BAD7924}.Release|Any CPU.ActiveCfg = Release|Any CPU
		{2913B48F-87B8-4A10-9E90-87409BAD7924}.Release|Any CPU.Build.0 = Release|Any CPU
		{B2112A6F-18B6-4DFB-B20B-F1867440B677}.Debug|Any CPU.ActiveCfg = Debug|Any CPU
		{B2112A6F-18B6-4DFB-B20B-F1867440B677}.Debug|Any CPU.Build.0 = Debug|Any CPU
		{B2112A6F-18B6-4DFB-B20B-F1867440B677}.Release|Any CPU.ActiveCfg = Release|Any CPU
		{B2112A6F-18B6-4DFB-B20B-F1867440B677}.Release|Any CPU.Build.0 = Release|Any CPU
		{28C3BCAE-554C-4C90-BDCE-17539DF0C455}.Debug|Any CPU.ActiveCfg = Debug|Any CPU
		{28C3BCAE-554C-4C90-BDCE-17539DF0C455}.Debug|Any CPU.Build.0 = Debug|Any CPU
		{28C3BCAE-554C-4C90-BDCE-17539DF0C455}.Release|Any CPU.ActiveCfg = Release|Any CPU
		{28C3BCAE-554C-4C90-BDCE-17539DF0C455}.Release|Any CPU.Build.0 = Release|Any CPU
		{C2499BAF-20C6-45DF-9F00-F2368BED254B}.Debug|Any CPU.ActiveCfg = Debug|Any CPU
		{C2499BAF-20C6-45DF-9F00-F2368BED254B}.Debug|Any CPU.Build.0 = Debug|Any CPU
		{C2499BAF-20C6-45DF-9F00-F2368BED254B}.Release|Any CPU.ActiveCfg = Release|Any CPU
		{C2499BAF-20C6-45DF-9F00-F2368BED254B}.Release|Any CPU.Build.0 = Release|Any CPU
	EndGlobalSection
	GlobalSection(SolutionProperties) = preSolution
		HideSolutionNode = FALSE
	EndGlobalSection
	GlobalSection(ExtensibilityGlobals) = postSolution
		SolutionGuid = {48E3F792-7595-40B9-B8B3-E92DDD758263}
	EndGlobalSection
EndGlobal
